
Microsoft Visual Studio Solution File, Format Version 12.00
# Visual Studio Version 17
VisualStudioVersion = 17.1.32421.90
MinimumVisualStudioVersion = 10.0.40219.1
Project("{FAE04EC0-301F-11D3-BF4B-00C04F79EFBC}") = "RestoApi", "RestoApi.csproj", "{2AC7A48A-3A4B-450E-B970-57280310F8DD}"
EndProject
Global
	GlobalSection(SolutionConfigurationPlatforms) = preSolution
		Debug|Any CPU = Debug|Any CPU
		Release|Any CPU = Release|Any CPU
	EndGlobalSection
	GlobalSection(ProjectConfigurationPlatforms) = postSolution
		{2AC7A48A-3A4B-450E-B970-57280310F8DD}.Debug|Any CPU.ActiveCfg = Debug|Any CPU
		{2AC7A48A-3A4B-450E-B970-57280310F8DD}.Debug|Any CPU.Build.0 = Debug|Any CPU
		{2AC7A48A-3A4B-450E-B970-57280310F8DD}.Release|Any CPU.ActiveCfg = Release|Any CPU
		{2AC7A48A-3A4B-450E-B970-57280310F8DD}.Release|Any CPU.Build.0 = Release|Any CPU
	EndGlobalSection
	GlobalSection(SolutionProperties) = preSolution
		HideSolutionNode = FALSE
	EndGlobalSection
	GlobalSection(ExtensibilityGlobals) = postSolution
		SolutionGuid = {AA765BEF-8203-4602-8255-7F55969326BC}
	EndGlobalSection
EndGlobal
